
Microsoft Visual Studio Solution File, Format Version 12.00
# Visual Studio Version 17
VisualStudioVersion = 17.7.34024.191
MinimumVisualStudioVersion = 10.0.40219.1
Project("{FAE04EC0-301F-11D3-BF4B-00C04F79EFBC}") = "RazorPizza", "RazorPizza\RazorPizza.csproj", "{BE477BEB-9A3A-4E62-B12F-744EA911D789}"
EndProject
Global
	GlobalSection(SolutionConfigurationPlatforms) = preSolution
		Debug|Any CPU = Debug|Any CPU
		Release|Any CPU = Release|Any CPU
	EndGlobalSection
	GlobalSection(ProjectConfigurationPlatforms) = postSolution
		{BE477BEB-9A3A-4E62-B12F-744EA911D789}.Debug|Any CPU.ActiveCfg = Debug|Any CPU
		{BE477BEB-9A3A-4E62-B12F-744EA911D789}.Debug|Any CPU.Build.0 = Debug|Any CPU
		{BE477BEB-9A3A-4E62-B12F-744EA911D789}.Release|Any CPU.ActiveCfg = Release|Any CPU
		{BE477BEB-9A3A-4E62-B12F-744EA911D789}.Release|Any CPU.Build.0 = Release|Any CPU
	EndGlobalSection
	GlobalSection(SolutionProperties) = preSolution
		HideSolutionNode = FALSE
	EndGlobalSection
	GlobalSection(ExtensibilityGlobals) = postSolution
		SolutionGuid = {443C810C-8ACB-4034-99B6-E20991C0F955}
	EndGlobalSection
EndGlobal
